{
  "name": "contributions-getter-actions",
  "lockfileVersion": 2,
  "requires": true,
  "packages": {
    "": {
      "dependencies": {
        "contributions-getter": "^1.0.1"
      },
      "devDependencies": {
        "typescript": "^5.1.6"
      }
    },
    "node_modules/contributions-getter": {
      "version": "1.0.1",
      "resolved": "https://registry.npmjs.org/contributions-getter/-/contributions-getter-1.0.1.tgz",
      "integrity": "sha512-F+1vbsa6T5ppBPgHBenU92JjI4kjSTCuFQBWEVzHIN1F9iI8jllFZCM3IbGO1ggHVd6sCiJMyzNSFZSnSoDG7Q=="
    },
    "node_modules/typescript": {
      "version": "5.1.6",
      "resolved": "https://registry.npmjs.org/typescript/-/typescript-5.1.6.tgz",
      "integrity": "sha512-zaWCozRZ6DLEWAWFrVDz1H6FVXzUSfTy5FUMWsQlU8Ym5JP9eO4xkTIROFCQvhQf61z6O/G6ugw3SgAnvvm+HA==",
      "dev": true,
      "bin": {
        "tsc": "bin/tsc",
        "tsserver": "bin/tsserver"
      },
      "engines": {
        "node": ">=14.17"
      }
    }
  },
  "dependencies": {
    "contributions-getter": {
      "version": "1.0.1",
      "resolved": "https://registry.npmjs.org/contributions-getter/-/contributions-getter-1.0.1.tgz",
      "integrity": "sha512-F+1vbsa6T5ppBPgHBenU92JjI4kjSTCuFQBWEVzHIN1F9iI8jllFZCM3IbGO1ggHVd6sCiJMyzNSFZSnSoDG7Q=="
    },
    "typescript": {
      "version": "5.1.6",
      "resolved": "https://registry.npmjs.org/typescript/-/typescript-5.1.6.tgz",
      "integrity": "sha512-zaWCozRZ6DLEWAWFrVDz1H6FVXzUSfTy5FUMWsQlU8Ym5JP9eO4xkTIROFCQvhQf61z6O/G6ugw3SgAnvvm+HA==",
      "dev": true
    }
  }
}
